
Microsoft Visual Studio Solution File, Format Version 12.00
# Visual Studio Version 17
VisualStudioVersion = 17.5.33530.505
MinimumVisualStudioVersion = 10.0.40219.1
Project("{FAE04EC0-301F-11D3-BF4B-00C04F79EFBC}") = "Memo", "Memo\Memo.csproj", "{FF7D22CF-D17B-486B-939C-46AC5EC8176C}"
EndProject
Global
	GlobalSection(SolutionConfigurationPlatforms) = preSolution
		Debug|Any CPU = Debug|Any CPU
		Release|Any CPU = Release|Any CPU
	EndGlobalSection
	GlobalSection(ProjectConfigurationPlatforms) = postSolution
		{FF7D22CF-D17B-486B-939C-46AC5EC8176C}.Debug|Any CPU.ActiveCfg = Debug|Any CPU
		{FF7D22CF-D17B-486B-939C-46AC5EC8176C}.Debug|Any CPU.Build.0 = Debug|Any CPU
		{FF7D22CF-D17B-486B-939C-46AC5EC8176C}.Release|Any CPU.ActiveCfg = Release|Any CPU
		{FF7D22CF-D17B-486B-939C-46AC5EC8176C}.Release|Any CPU.Build.0 = Release|Any CPU
	EndGlobalSection
	GlobalSection(SolutionProperties) = preSolution
		HideSolutionNode = FALSE
	EndGlobalSection
	GlobalSection(ExtensibilityGlobals) = postSolution
		SolutionGuid = {35B60EC2-7C11-4DA3-A3F0-5F89A1ED7FB9}
	EndGlobalSection
EndGlobal
